
Microsoft Visual Studio Solution File, Format Version 12.00
# Visual Studio Version 17
VisualStudioVersion = 17.5.002.0
MinimumVisualStudioVersion = 10.0.40219.1
Project("{9A19103F-16F7-4668-BE54-9A1E7A4F7556}") = "Day5", "Day5.csproj", "{0F9E0294-8608-4235-BFB9-ED929E4B7951}"
EndProject
Global
	GlobalSection(SolutionConfigurationPlatforms) = preSolution
		Debug|Any CPU = Debug|Any CPU
		Release|Any CPU = Release|Any CPU
	EndGlobalSection
	GlobalSection(ProjectConfigurationPlatforms) = postSolution
		{0F9E0294-8608-4235-BFB9-ED929E4B7951}.Debug|Any CPU.ActiveCfg = Debug|Any CPU
		{0F9E0294-8608-4235-BFB9-ED929E4B7951}.Debug|Any CPU.Build.0 = Debug|Any CPU
		{0F9E0294-8608-4235-BFB9-ED929E4B7951}.Release|Any CPU.ActiveCfg = Release|Any CPU
		{0F9E0294-8608-4235-BFB9-ED929E4B7951}.Release|Any CPU.Build.0 = Release|Any CPU
	EndGlobalSection
	GlobalSection(SolutionProperties) = preSolution
		HideSolutionNode = FALSE
	EndGlobalSection
	GlobalSection(ExtensibilityGlobals) = postSolution
		SolutionGuid = {BCEA41C3-69F3-46D2-B612-7DE44F76BCA8}
	EndGlobalSection
EndGlobal
