
Microsoft Visual Studio Solution File, Format Version 12.00
# Visual Studio Version 17
VisualStudioVersion = 17.5.002.0
MinimumVisualStudioVersion = 10.0.40219.1
Project("{9A19103F-16F7-4668-BE54-9A1E7A4F7556}") = "Day1", "Day1.csproj", "{03E858DC-532C-450A-88AD-1D78DEDF3D9D}"
EndProject
Global
	GlobalSection(SolutionConfigurationPlatforms) = preSolution
		Debug|Any CPU = Debug|Any CPU
		Release|Any CPU = Release|Any CPU
	EndGlobalSection
	GlobalSection(ProjectConfigurationPlatforms) = postSolution
		{03E858DC-532C-450A-88AD-1D78DEDF3D9D}.Debug|Any CPU.ActiveCfg = Debug|Any CPU
		{03E858DC-532C-450A-88AD-1D78DEDF3D9D}.Debug|Any CPU.Build.0 = Debug|Any CPU
		{03E858DC-532C-450A-88AD-1D78DEDF3D9D}.Release|Any CPU.ActiveCfg = Release|Any CPU
		{03E858DC-532C-450A-88AD-1D78DEDF3D9D}.Release|Any CPU.Build.0 = Release|Any CPU
	EndGlobalSection
	GlobalSection(SolutionProperties) = preSolution
		HideSolutionNode = FALSE
	EndGlobalSection
	GlobalSection(ExtensibilityGlobals) = postSolution
		SolutionGuid = {C8821815-2FAF-444A-A63C-39F4D3B4B866}
	EndGlobalSection
EndGlobal
